
Microsoft Visual Studio Solution File, Format Version 12.00
# Visual Studio Version 17
VisualStudioVersion = 17.13.35931.197 d17.13
MinimumVisualStudioVersion = 10.0.40219.1
Project("{FAE04EC0-301F-11D3-BF4B-00C04F79EFBC}") = "properties in C#", "properties in C#\properties in C#.csproj", "{0A2B57E7-49B1-4BE2-A60B-CE1AC1AC3524}"
EndProject
Global
	GlobalSection(SolutionConfigurationPlatforms) = preSolution
		Debug|Any CPU = Debug|Any CPU
		Release|Any CPU = Release|Any CPU
	EndGlobalSection
	GlobalSection(ProjectConfigurationPlatforms) = postSolution
		{0A2B57E7-49B1-4BE2-A60B-CE1AC1AC3524}.Debug|Any CPU.ActiveCfg = Debug|Any CPU
		{0A2B57E7-49B1-4BE2-A60B-CE1AC1AC3524}.Debug|Any CPU.Build.0 = Debug|Any CPU
		{0A2B57E7-49B1-4BE2-A60B-CE1AC1AC3524}.Release|Any CPU.ActiveCfg = Release|Any CPU
		{0A2B57E7-49B1-4BE2-A60B-CE1AC1AC3524}.Release|Any CPU.Build.0 = Release|Any CPU
	EndGlobalSection
	GlobalSection(SolutionProperties) = preSolution
		HideSolutionNode = FALSE
	EndGlobalSection
	GlobalSection(ExtensibilityGlobals) = postSolution
		SolutionGuid = {424061F0-6E82-4096-9ABC-C591A74824EE}
	EndGlobalSection
EndGlobal
