
Microsoft Visual Studio Solution File, Format Version 12.00
# Visual Studio Version 17
VisualStudioVersion = 17.13.35931.197 d17.13
MinimumVisualStudioVersion = 10.0.40219.1
Project("{FAE04EC0-301F-11D3-BF4B-00C04F79EFBC}") = "object-oriented programming in C#", "object-oriented programming in C#\object-oriented programming in C#.csproj", "{4CA1C388-45E9-4385-8B9E-1DC890A0908D}"
EndProject
Global
	GlobalSection(SolutionConfigurationPlatforms) = preSolution
		Debug|Any CPU = Debug|Any CPU
		Release|Any CPU = Release|Any CPU
	EndGlobalSection
	GlobalSection(ProjectConfigurationPlatforms) = postSolution
		{4CA1C388-45E9-4385-8B9E-1DC890A0908D}.Debug|Any CPU.ActiveCfg = Debug|Any CPU
		{4CA1C388-45E9-4385-8B9E-1DC890A0908D}.Debug|Any CPU.Build.0 = Debug|Any CPU
		{4CA1C388-45E9-4385-8B9E-1DC890A0908D}.Release|Any CPU.ActiveCfg = Release|Any CPU
		{4CA1C388-45E9-4385-8B9E-1DC890A0908D}.Release|Any CPU.Build.0 = Release|Any CPU
	EndGlobalSection
	GlobalSection(SolutionProperties) = preSolution
		HideSolutionNode = FALSE
	EndGlobalSection
	GlobalSection(ExtensibilityGlobals) = postSolution
		SolutionGuid = {BB5F56EB-45EA-4E37-A146-F098C10BC490}
	EndGlobalSection
EndGlobal
